// !$*UTF8*$!
{
	archiveVersion = 1;
	classes = {
	};
	objectVersion = 56;
	objects = {

/* Begin PBXBuildFile section */
		EF6AEAB82B31A89C002AEB7C /* SwiftfulDataApp.swift in Sources */ = {isa = PBXBuildFile; fileRef = EF6AEAB72B31A89C002AEB7C /* SwiftfulDataApp.swift */; };
		EF6AEABA2B31A89C002AEB7C /* ContentView.swift in Sources */ = {isa = PBXBuildFile; fileRef = EF6AEAB92B31A89C002AEB7C /* ContentView.swift */; };
		EF6AEABC2B31A89E002AEB7C /* Assets.xcassets in Resources */ = {isa = PBXBuildFile; fileRef = EF6AEABB2B31A89E002AEB7C /* Assets.xcassets */; };
		EF6AEABF2B31A89E002AEB7C /* Preview Assets.xcassets in Resources */ = {isa = PBXBuildFile; fileRef = EF6AEABE2B31A89E002AEB7C /* Preview Assets.xcassets */; };
		EF6AEACC2B31B2E1002AEB7C /* Expense.swift in Sources */ = {isa = PBXBuildFile; fileRef = EF6AEACB2B31B2E1002AEB7C /* Expense.swift */; };
		EF6AEACE2B31B5FC002AEB7C /* DashboardView.swift in Sources */ = {isa = PBXBuildFile; fileRef = EF6AEACD2B31B5FC002AEB7C /* DashboardView.swift */; };
/* End PBXBuildFile section */

/* Begin PBXFileReference section */
		EF6AEAB42B31A89C002AEB7C /* SwiftfulData.app */ = {isa = PBXFileReference; explicitFileType = wrapper.application; includeInIndex = 0; path = SwiftfulData.app; sourceTree = BUILT_PRODUCTS_DIR; };
		EF6AEAB72B31A89C002AEB7C /* SwiftfulDataApp.swift */ = {isa = PBXFileReference; lastKnownFileType = sourcecode.swift; path = SwiftfulDataApp.swift; sourceTree = "<group>"; };
		EF6AEAB92B31A89C002AEB7C /* ContentView.swift */ = {isa = PBXFileReference; lastKnownFileType = sourcecode.swift; path = ContentView.swift; sourceTree = "<group>"; };
		EF6AEABB2B31A89E002AEB7C /* Assets.xcassets */ = {isa = PBXFileReference; lastKnownFileType = folder.assetcatalog; path = Assets.xcassets; sourceTree = "<group>"; };
		EF6AEABE2B31A89E002AEB7C /* Preview Assets.xcassets */ = {isa = PBXFileReference; lastKnownFileType = folder.assetcatalog; path = "Preview Assets.xcassets"; sourceTree = "<group>"; };
		EF6AEACB2B31B2E1002AEB7C /* Expense.swift */ = {isa = PBXFileReference; lastKnownFileType = sourcecode.swift; path = Expense.swift; sourceTree = "<group>"; };
		EF6AEACD2B31B5FC002AEB7C /* DashboardView.swift */ = {isa = PBXFileReference; lastKnownFileType = sourcecode.swift; path = DashboardView.swift; sourceTree = "<group>"; };
		EF6AEACF2B31CAE5002AEB7C /* Info.plist */ = {isa = PBXFileReference; lastKnownFileType = text.plist; path = Info.plist; sourceTree = "<group>"; };
/* End PBXFileReference section */

/* Begin PBXFrameworksBuildPhase section */
		EF6AEAB12B31A89C002AEB7C /* Frameworks */ = {
			isa = PBXFrameworksBuildPhase;
			buildActionMask = 2147483647;
			files = (
			);
			runOnlyForDeploymentPostprocessing = 0;
		};
/* End PBXFrameworksBuildPhase section */

/* Begin PBXGroup section */
		EF6AEAAB2B31A89C002AEB7C = {
			isa = PBXGroup;
			children = (
				EF6AEAB62B31A89C002AEB7C /* SwiftfulData */,
				EF6AEAB52B31A89C002AEB7C /* Products */,
			);
			sourceTree = "<group>";
		};
		EF6AEAB52B31A89C002AEB7C /* Products */ = {
			isa = PBXGroup;
			children = (
				EF6AEAB42B31A89C002AEB7C /* SwiftfulData.app */,
			);
			name = Products;
			sourceTree = "<group>";
		};
		EF6AEAB62B31A89C002AEB7C /* SwiftfulData */ = {
			isa = PBXGroup;
			children = (
				EF6AEACF2B31CAE5002AEB7C /* Info.plist */,
				EF6AEAC82B31B2A0002AEB7C /* Views */,
				EF6AEAC62B31B272002AEB7C /* Core */,
				EF6AEABD2B31A89E002AEB7C /* Preview Content */,
			);
			path = SwiftfulData;
			sourceTree = "<group>";
		};
		EF6AEABD2B31A89E002AEB7C /* Preview Content */ = {
			isa = PBXGroup;
			children = (
				EF6AEABE2B31A89E002AEB7C /* Preview Assets.xcassets */,
			);
			path = "Preview Content";
			sourceTree = "<group>";
		};
		EF6AEAC52B31B262002AEB7C /* Root */ = {
			isa = PBXGroup;
			children = (
				EF6AEAB72B31A89C002AEB7C /* SwiftfulDataApp.swift */,
				EF6AEAB92B31A89C002AEB7C /* ContentView.swift */,
			);
			path = Root;
			sourceTree = "<group>";
		};
		EF6AEAC62B31B272002AEB7C /* Core */ = {
			isa = PBXGroup;
			children = (
				EF6AEAC92B31B2BC002AEB7C /* Data */,
				EF6AEAC72B31B27D002AEB7C /* Assets */,
				EF6AEAC52B31B262002AEB7C /* Root */,
			);
			path = Core;
			sourceTree = "<group>";
		};
		EF6AEAC72B31B27D002AEB7C /* Assets */ = {
			isa = PBXGroup;
			children = (
				EF6AEABB2B31A89E002AEB7C /* Assets.xcassets */,
			);
			path = Assets;
			sourceTree = "<group>";
		};
		EF6AEAC82B31B2A0002AEB7C /* Views */ = {
			isa = PBXGroup;
			children = (
				EF6AEACD2B31B5FC002AEB7C /* DashboardView.swift */,
			);
			path = Views;
			sourceTree = "<group>";
		};
		EF6AEAC92B31B2BC002AEB7C /* Data */ = {
			isa = PBXGroup;
			children = (
				EF6AEACB2B31B2E1002AEB7C /* Expense.swift */,
			);
			path = Data;
			sourceTree = "<group>";
		};
/* End PBXGroup section */

/* Begin PBXNativeTarget section */
		EF6AEAB32B31A89C002AEB7C /* SwiftfulData */ = {
			isa = PBXNativeTarget;
			buildConfigurationList = EF6AEAC22B31A89E002AEB7C /* Build configuration list for PBXNativeTarget "SwiftfulData" */;
			buildPhases = (
				EF6AEAB02B31A89C002AEB7C /* Sources */,
				EF6AEAB12B31A89C002AEB7C /* Frameworks */,
				EF6AEAB22B31A89C002AEB7C /* Resources */,
			);
			buildRules = (
			);
			dependencies = (
			);
			name = SwiftfulData;
			productName = SwiftfulData;
			productReference = EF6AEAB42B31A89C002AEB7C /* SwiftfulData.app */;
			productType = "com.apple.product-type.application";
		};
/* End PBXNativeTarget section */

/* Begin PBXProject section */
		EF6AEAAC2B31A89C002AEB7C /* Project object */ = {
			isa = PBXProject;
			attributes = {
				BuildIndependentTargetsInParallel = 1;
				LastSwiftUpdateCheck = 1510;
				LastUpgradeCheck = 1510;
				TargetAttributes = {
					EF6AEAB32B31A89C002AEB7C = {
						CreatedOnToolsVersion = 15.1;
					};
				};
			};
			buildConfigurationList = EF6AEAAF2B31A89C002AEB7C /* Build configuration list for PBXProject "SwiftfulData" */;
			compatibilityVersion = "Xcode 14.0";
			developmentRegion = en;
			hasScannedForEncodings = 0;
			knownRegions = (
				en,
				Base,
			);
			mainGroup = EF6AEAAB2B31A89C002AEB7C;
			productRefGroup = EF6AEAB52B31A89C002AEB7C /* Products */;
			projectDirPath = "";
			projectRoot = "";
			targets = (
				EF6AEAB32B31A89C002AEB7C /* SwiftfulData */,
			);
		};
/* End PBXProject section */

/* Begin PBXResourcesBuildPhase section */
		EF6AEAB22B31A89C002AEB7C /* Resources */ = {
			isa = PBXResourcesBuildPhase;
			buildActionMask = 2147483647;
			files = (
				EF6AEABF2B31A89E002AEB7C /* Preview Assets.xcassets in Resources */,
				EF6AEABC2B31A89E002AEB7C /* Assets.xcassets in Resources */,
			);
			runOnlyForDeploymentPostprocessing = 0;
		};
/* End PBXResourcesBuildPhase section */

/* Begin PBXSourcesBuildPhase section */
		EF6AEAB02B31A89C002AEB7C /* Sources */ = {
			isa = PBXSourcesBuildPhase;
			buildActionMask = 2147483647;
			files = (
				EF6AEACC2B31B2E1002AEB7C /* Expense.swift in Sources */,
				EF6AEACE2B31B5FC002AEB7C /* DashboardView.swift in Sources */,
				EF6AEABA2B31A89C002AEB7C /* ContentView.swift in Sources */,
				EF6AEAB82B31A89C002AEB7C /* SwiftfulDataApp.swift in Sources */,
			);
			runOnlyForDeploymentPostprocessing = 0;
		};
/* End PBXSourcesBuildPhase section */

/* Begin XCBuildConfiguration section */
		EF6AEAC02B31A89E002AEB7C /* Debug */ = {
			isa = XCBuildConfiguration;
			buildSettings = {
				ALWAYS_SEARCH_USER_PATHS = NO;
				ASSETCATALOG_COMPILER_GENERATE_SWIFT_ASSET_SYMBOL_EXTENSIONS = YES;
				CLANG_ANALYZER_NONNULL = YES;
				CLANG_ANALYZER_NUMBER_OBJECT_CONVERSION = YES_AGGRESSIVE;
				CLANG_CXX_LANGUAGE_STANDARD = "gnu++20";
				CLANG_ENABLE_MODULES = YES;
				CLANG_ENABLE_OBJC_ARC = YES;
				CLANG_ENABLE_OBJC_WEAK = YES;
				CLANG_WARN_BLOCK_CAPTURE_AUTORELEASING = YES;
				CLANG_WARN_BOOL_CONVERSION = YES;
				CLANG_WARN_COMMA = YES;
				CLANG_WARN_CONSTANT_CONVERSION = YES;
				CLANG_WARN_DEPRECATED_OBJC_IMPLEMENTATIONS = YES;
				CLANG_WARN_DIRECT_OBJC_ISA_USAGE = YES_ERROR;
				CLANG_WARN_DOCUMENTATION_COMMENTS = YES;
				CLANG_WARN_EMPTY_BODY = YES;
				CLANG_WARN_ENUM_CONVERSION = YES;
				CLANG_WARN_INFINITE_RECURSION = YES;
				CLANG_WARN_INT_CONVERSION = YES;
				CLANG_WARN_NON_LITERAL_NULL_CONVERSION = YES;
				CLANG_WARN_OBJC_IMPLICIT_RETAIN_SELF = YES;
				CLANG_WARN_OBJC_LITERAL_CONVERSION = YES;
				CLANG_WARN_OBJC_ROOT_CLASS = YES_ERROR;
				CLANG_WARN_QUOTED_INCLUDE_IN_FRAMEWORK_HEADER = YES;
				CLANG_WARN_RANGE_LOOP_ANALYSIS = YES;
				CLANG_WARN_STRICT_PROTOTYPES = YES;
				CLANG_WARN_SUSPICIOUS_MOVE = YES;
				CLANG_WARN_UNGUARDED_AVAILABILITY = YES_AGGRESSIVE;
				CLANG_WARN_UNREACHABLE_CODE = YES;
				CLANG_WARN__DUPLICATE_METHOD_MATCH = YES;
				COPY_PHASE_STRIP = NO;
				DEBUG_INFORMATION_FORMAT = dwarf;
				ENABLE_STRICT_OBJC_MSGSEND = YES;
				ENABLE_TESTABILITY = YES;
				ENABLE_USER_SCRIPT_SANDBOXING = YES;
				GCC_C_LANGUAGE_STANDARD = gnu17;
				GCC_DYNAMIC_NO_PIC = NO;
				GCC_NO_COMMON_BLOCKS = YES;
				GCC_OPTIMIZATION_LEVEL = 0;
				GCC_PREPROCESSOR_DEFINITIONS = (
					"DEBUG=1",
					"$(inherited)",
				);
				GCC_WARN_64_TO_32_BIT_CONVERSION = YES;
				GCC_WARN_ABOUT_RETURN_TYPE = YES_ERROR;
				GCC_WARN_UNDECLARED_SELECTOR = YES;
				GCC_WARN_UNINITIALIZED_AUTOS = YES_AGGRESSIVE;
				GCC_WARN_UNUSED_FUNCTION = YES;
				GCC_WARN_UNUSED_VARIABLE = YES;
				IPHONEOS_DEPLOYMENT_TARGET = 17.2;
				LOCALIZATION_PREFERS_STRING_CATALOGS = YES;
				MTL_ENABLE_DEBUG_INFO = INCLUDE_SOURCE;
				MTL_FAST_MATH = YES;
				ONLY_ACTIVE_ARCH = YES;
				SDKROOT = iphoneos;
				SWIFT_ACTIVE_COMPILATION_CONDITIONS = "DEBUG $(inherited)";
				SWIFT_OPTIMIZATION_LEVEL = "-Onone";
			};
			name = Debug;
		};
		EF6AEAC12B31A89E002AEB7C /* Release */ = {
			isa = XCBuildConfiguration;
			buildSettings = {
				ALWAYS_SEARCH_USER_PATHS = NO;
				ASSETCATALOG_COMPILER_GENERATE_SWIFT_ASSET_SYMBOL_EXTENSIONS = YES;
				CLANG_ANALYZER_NONNULL = YES;
				CLANG_ANALYZER_NUMBER_OBJECT_CONVERSION = YES_AGGRESSIVE;
				CLANG_CXX_LANGUAGE_STANDARD = "gnu++20";
				CLANG_ENABLE_MODULES = YES;
				CLANG_ENABLE_OBJC_ARC = YES;
				CLANG_ENABLE_OBJC_WEAK = YES;
				CLANG_WARN_BLOCK_CAPTURE_AUTORELEASING = YES;
				CLANG_WARN_BOOL_CONVERSION = YES;
				CLANG_WARN_COMMA = YES;
				CLANG_WARN_CONSTANT_CONVERSION = YES;
				CLANG_WARN_DEPRECATED_OBJC_IMPLEMENTATIONS = YES;
				CLANG_WARN_DIRECT_OBJC_ISA_USAGE = YES_ERROR;
				CLANG_WARN_DOCUMENTATION_COMMENTS = YES;
				CLANG_WARN_EMPTY_BODY = YES;
				CLANG_WARN_ENUM_CONVERSION = YES;
				CLANG_WARN_INFINITE_RECURSION = YES;
				CLANG_WARN_INT_CONVERSION = YES;
				CLANG_WARN_NON_LITERAL_NULL_CONVERSION = YES;
				CLANG_WARN_OBJC_IMPLICIT_RETAIN_SELF = YES;
				CLANG_WARN_OBJC_LITERAL_CONVERSION = YES;
				CLANG_WARN_OBJC_ROOT_CLASS = YES_ERROR;
				CLANG_WARN_QUOTED_INCLUDE_IN_FRAMEWORK_HEADER = YES;
				CLANG_WARN_RANGE_LOOP_ANALYSIS = YES;
				CLANG_WARN_STRICT_PROTOTYPES = YES;
				CLANG_WARN_SUSPICIOUS_MOVE = YES;
				CLANG_WARN_UNGUARDED_AVAILABILITY = YES_AGGRESSIVE;
				CLANG_WARN_UNREACHABLE_CODE = YES;
				CLANG_WARN__DUPLICATE_METHOD_MATCH = YES;
				COPY_PHASE_STRIP = NO;
				DEBUG_INFORMATION_FORMAT = "dwarf-with-dsym";
				ENABLE_NS_ASSERTIONS = NO;
				ENABLE_STRICT_OBJC_MSGSEND = YES;
				ENABLE_USER_SCRIPT_SANDBOXING = YES;
				GCC_C_LANGUAGE_STANDARD = gnu17;
				GCC_NO_COMMON_BLOCKS = YES;
				GCC_WARN_64_TO_32_BIT_CONVERSION = YES;
				GCC_WARN_ABOUT_RETURN_TYPE = YES_ERROR;
				GCC_WARN_UNDECLARED_SELECTOR = YES;
				GCC_WARN_UNINITIALIZED_AUTOS = YES_AGGRESSIVE;
				GCC_WARN_UNUSED_FUNCTION = YES;
				GCC_WARN_UNUSED_VARIABLE = YES;
				IPHONEOS_DEPLOYMENT_TARGET = 17.2;
				LOCALIZATION_PREFERS_STRING_CATALOGS = YES;
				MTL_ENABLE_DEBUG_INFO = NO;
				MTL_FAST_MATH = YES;
				SDKROOT = iphoneos;
				SWIFT_COMPILATION_MODE = wholemodule;
				VALIDATE_PRODUCT = YES;
			};
			name = Release;
		};
		EF6AEAC32B31A89E002AEB7C /* Debug */ = {
			isa = XCBuildConfiguration;
			buildSettings = {
				ASSETCATALOG_COMPILER_APPICON_NAME = AppIcon;
				ASSETCATALOG_COMPILER_GLOBAL_ACCENT_COLOR_NAME = AccentColor;
				CODE_SIGN_STYLE = Automatic;
				CURRENT_PROJECT_VERSION = 1;
				DEVELOPMENT_ASSET_PATHS = "\"SwiftfulData/Preview Content\"";
				DEVELOPMENT_TEAM = 922L4HAC7Y;
				ENABLE_PREVIEWS = YES;
				GENERATE_INFOPLIST_FILE = YES;
				INFOPLIST_FILE = SwiftfulData/Info.plist;
				INFOPLIST_KEY_UIApplicationSceneManifest_Generation = YES;
				INFOPLIST_KEY_UIApplicationSupportsIndirectInputEvents = YES;
				INFOPLIST_KEY_UILaunchScreen_Generation = YES;
				INFOPLIST_KEY_UISupportedInterfaceOrientations_iPad = "UIInterfaceOrientationPortrait UIInterfaceOrientationPortraitUpsideDown UIInterfaceOrientationLandscapeLeft UIInterfaceOrientationLandscapeRight";
				INFOPLIST_KEY_UISupportedInterfaceOrientations_iPhone = "UIInterfaceOrientationPortrait UIInterfaceOrientationLandscapeLeft UIInterfaceOrientationLandscapeRight";
				LD_RUNPATH_SEARCH_PATHS = (
					"$(inherited)",
					"@executable_path/Frameworks",
				);
				MARKETING_VERSION = 1.0;
				PRODUCT_BUNDLE_IDENTIFIER = com.workwithafridi.SwiftfulData;
				PRODUCT_NAME = "$(TARGET_NAME)";
				SWIFT_EMIT_LOC_STRINGS = YES;
				SWIFT_VERSION = 5.0;
				TARGETED_DEVICE_FAMILY = "1,2";
			};
			name = Debug;
		};
		EF6AEAC42B31A89E002AEB7C /* Release */ = {
			isa = XCBuildConfiguration;
			buildSettings = {
				ASSETCATALOG_COMPILER_APPICON_NAME = AppIcon;
				ASSETCATALOG_COMPILER_GLOBAL_ACCENT_COLOR_NAME = AccentColor;
				CODE_SIGN_STYLE = Automatic;
				CURRENT_PROJECT_VERSION = 1;
				DEVELOPMENT_ASSET_PATHS = "\"SwiftfulData/Preview Content\"";
				DEVELOPMENT_TEAM = 922L4HAC7Y;
				ENABLE_PREVIEWS = YES;
				GENERATE_INFOPLIST_FILE = YES;
				INFOPLIST_FILE = SwiftfulData/Info.plist;
				INFOPLIST_KEY_UIApplicationSceneManifest_Generation = YES;
				INFOPLIST_KEY_UIApplicationSupportsIndirectInputEvents = YES;
				INFOPLIST_KEY_UILaunchScreen_Generation = YES;
				INFOPLIST_KEY_UISupportedInterfaceOrientations_iPad = "UIInterfaceOrientationPortrait UIInterfaceOrientationPortraitUpsideDown UIInterfaceOrientationLandscapeLeft UIInterfaceOrientationLandscapeRight";
				INFOPLIST_KEY_UISupportedInterfaceOrientations_iPhone = "UIInterfaceOrientationPortrait UIInterfaceOrientationLandscapeLeft UIInterfaceOrientationLandscapeRight";
				LD_RUNPATH_SEARCH_PATHS = (
					"$(inherited)",
					"@executable_path/Frameworks",
				);
				MARKETING_VERSION = 1.0;
				PRODUCT_BUNDLE_IDENTIFIER = com.workwithafridi.SwiftfulData;
				PRODUCT_NAME = "$(TARGET_NAME)";
				SWIFT_EMIT_LOC_STRINGS = YES;
				SWIFT_VERSION = 5.0;
				TARGETED_DEVICE_FAMILY = "1,2";
			};
			name = Release;
		};
/* End XCBuildConfiguration section */

/* Begin XCConfigurationList section */
		EF6AEAAF2B31A89C002AEB7C /* Build configuration list for PBXProject "SwiftfulData" */ = {
			isa = XCConfigurationList;
			buildConfigurations = (
				EF6AEAC02B31A89E002AEB7C /* Debug */,
				EF6AEAC12B31A89E002AEB7C /* Release */,
			);
			defaultConfigurationIsVisible = 0;
			defaultConfigurationName = Release;
		};
		EF6AEAC22B31A89E002AEB7C /* Build configuration list for PBXNativeTarget "SwiftfulData" */ = {
			isa = XCConfigurationList;
			buildConfigurations = (
				EF6AEAC32B31A89E002AEB7C /* Debug */,
				EF6AEAC42B31A89E002AEB7C /* Release */,
			);
			defaultConfigurationIsVisible = 0;
			defaultConfigurationName = Release;
		};
/* End XCConfigurationList section */
	};
	rootObject = EF6AEAAC2B31A89C002AEB7C /* Project object */;
}
